
Microsoft Visual Studio Solution File, Format Version 12.00
# Visual Studio 14
VisualStudioVersion = 14.0.25420.1
MinimumVisualStudioVersion = 10.0.40219.1
Project("{E24C65DC-7377-472B-9ABA-BC803B73C61A}") = "UI", ".", "{FB0839E6-546B-4FFE-A2A2-9B344A77FBD4}"
	ProjectSection(WebsiteProperties) = preProject
		TargetFrameworkMoniker = ".NETFramework,Version%3Dv4.0"
		Debug.AspNetCompiler.VirtualPath = "/localhost_65466"
		Debug.AspNetCompiler.PhysicalPath = "..\UI\"
		Debug.AspNetCompiler.TargetPath = "PrecompiledWeb\localhost_65466\"
		Debug.AspNetCompiler.Updateable = "true"
		Debug.AspNetCompiler.ForceOverwrite = "true"
		Debug.AspNetCompiler.FixedNames = "false"
		Debug.AspNetCompiler.Debug = "True"
		Release.AspNetCompiler.VirtualPath = "/localhost_65466"
		Release.AspNetCompiler.PhysicalPath = "..\UI\"
		Release.AspNetCompiler.TargetPath = "PrecompiledWeb\localhost_65466\"
		Release.AspNetCompiler.Updateable = "true"
		Release.AspNetCompiler.ForceOverwrite = "true"
		Release.AspNetCompiler.FixedNames = "false"
		Release.AspNetCompiler.Debug = "False"
		VWDPort = "65466"
		SlnRelativePath = "..\UI\"
	EndProjectSection
EndProject
Global
	GlobalSection(SolutionConfigurationPlatforms) = preSolution
		Debug|Any CPU = Debug|Any CPU
	EndGlobalSection
	GlobalSection(ProjectConfigurationPlatforms) = postSolution
		{FB0839E6-546B-4FFE-A2A2-9B344A77FBD4}.Debug|Any CPU.ActiveCfg = Debug|Any CPU
		{FB0839E6-546B-4FFE-A2A2-9B344A77FBD4}.Debug|Any CPU.Build.0 = Debug|Any CPU
	EndGlobalSection
	GlobalSection(SolutionProperties) = preSolution
		HideSolutionNode = FALSE
	EndGlobalSection
EndGlobal
